// !$*UTF8*$!
{
	archiveVersion = 1;
	classes = {
	};
	objectVersion = 55;
	objects = {

/* Begin PBXBuildFile section */
		DBD21F0428005AA00071A193 /* BitirmeProjesiApp.swift in Sources */ = {isa = PBXBuildFile; fileRef = DBD21F0328005AA00071A193 /* BitirmeProjesiApp.swift */; };
		DBD21F0628005AA00071A193 /* LoginVİew.swift in Sources */ = {isa = PBXBuildFile; fileRef = DBD21F0528005AA00071A193 /* LoginVİew.swift */; };
		DBD21F0828005AA30071A193 /* Assets.xcassets in Resources */ = {isa = PBXBuildFile; fileRef = DBD21F0728005AA30071A193 /* Assets.xcassets */; };
		DBD21F0B28005AA30071A193 /* Preview Assets.xcassets in Resources */ = {isa = PBXBuildFile; fileRef = DBD21F0A28005AA30071A193 /* Preview Assets.xcassets */; };
		DBD21F1828005F9A0071A193 /* CustomNavView.swift in Sources */ = {isa = PBXBuildFile; fileRef = DBD21F1728005F9A0071A193 /* CustomNavView.swift */; };
		DBD21F1A28005FFE0071A193 /* CustomNavBarContainerView.swift in Sources */ = {isa = PBXBuildFile; fileRef = DBD21F1928005FFE0071A193 /* CustomNavBarContainerView.swift */; };
		DBD21F1C280063740071A193 /* CustomNavLink.swift in Sources */ = {isa = PBXBuildFile; fileRef = DBD21F1B280063740071A193 /* CustomNavLink.swift */; };
		DBD21F1F2800641A0071A193 /* CustomNavBarContent.swift in Sources */ = {isa = PBXBuildFile; fileRef = DBD21F1E2800641A0071A193 /* CustomNavBarContent.swift */; };
		DBD21F212800650D0071A193 /* CustomNavBarPreference.swift in Sources */ = {isa = PBXBuildFile; fileRef = DBD21F202800650C0071A193 /* CustomNavBarPreference.swift */; };
		DBD21F25280067510071A193 /* AppTabBarView.swift in Sources */ = {isa = PBXBuildFile; fileRef = DBD21F24280067510071A193 /* AppTabBarView.swift */; };
		DBD21F27280067810071A193 /* CustomTabBarContainerView.swift in Sources */ = {isa = PBXBuildFile; fileRef = DBD21F26280067810071A193 /* CustomTabBarContainerView.swift */; };
		DBD21F29280067A40071A193 /* CustomTabBarView.swift in Sources */ = {isa = PBXBuildFile; fileRef = DBD21F28280067A40071A193 /* CustomTabBarView.swift */; };
		DBD21F2B280067C30071A193 /* TabBarItem.swift in Sources */ = {isa = PBXBuildFile; fileRef = DBD21F2A280067C30071A193 /* TabBarItem.swift */; };
		DBD21F2D280067EC0071A193 /* TabBarItemsPreferenceKey.swift in Sources */ = {isa = PBXBuildFile; fileRef = DBD21F2C280067EC0071A193 /* TabBarItemsPreferenceKey.swift */; };
		DBD21F3028006CAF0071A193 /* TTTextField.swift in Sources */ = {isa = PBXBuildFile; fileRef = DBD21F2F28006CAF0071A193 /* TTTextField.swift */; };
		DBD21F32280072AD0071A193 /* TTSecureField.swift in Sources */ = {isa = PBXBuildFile; fileRef = DBD21F31280072AD0071A193 /* TTSecureField.swift */; };
		DBD21F352800775D0071A193 /* TTTextFieldModifier.swift in Sources */ = {isa = PBXBuildFile; fileRef = DBD21F342800775D0071A193 /* TTTextFieldModifier.swift */; };
		DBD21F37280077990071A193 /* TTButton.swift in Sources */ = {isa = PBXBuildFile; fileRef = DBD21F36280077990071A193 /* TTButton.swift */; };
		DBD21F392800803C0071A193 /* TTLabelledDivider.swift in Sources */ = {isa = PBXBuildFile; fileRef = DBD21F382800803C0071A193 /* TTLabelledDivider.swift */; };
		DBD21F3B280080E70071A193 /* SignUpView.swift in Sources */ = {isa = PBXBuildFile; fileRef = DBD21F3A280080E70071A193 /* SignUpView.swift */; };
		DBD21F3D280081D90071A193 /* HomeView.swift in Sources */ = {isa = PBXBuildFile; fileRef = DBD21F3C280081D90071A193 /* HomeView.swift */; };
		E408863C2807750A00DEC93B /* UserInformationSectionView.swift in Sources */ = {isa = PBXBuildFile; fileRef = E408863B2807750A00DEC93B /* UserInformationSectionView.swift */; };
		E414F13F2806AD0A00C72D0C /* ProgressBarIcon.swift in Sources */ = {isa = PBXBuildFile; fileRef = E414F13E2806AD0A00C72D0C /* ProgressBarIcon.swift */; };
		E414F1432806BAF400C72D0C /* PromotionSectionView.swift in Sources */ = {isa = PBXBuildFile; fileRef = E414F1422806BAF400C72D0C /* PromotionSectionView.swift */; };
		E4DBAABA280171F9007F0CB4 /* ProfileView.swift in Sources */ = {isa = PBXBuildFile; fileRef = E4DBAAB9280171F9007F0CB4 /* ProfileView.swift */; };
		E4DBAABC280190A5007F0CB4 /* TTPromotionBar.swift in Sources */ = {isa = PBXBuildFile; fileRef = E4DBAABB280190A5007F0CB4 /* TTPromotionBar.swift */; };
		E4F6804628083CA900268BC9 /* NavBarRightItem.swift in Sources */ = {isa = PBXBuildFile; fileRef = E4F6804528083CA900268BC9 /* NavBarRightItem.swift */; };
/* End PBXBuildFile section */

/* Begin PBXFileReference section */
		DBD21F0028005AA00071A193 /* BitirmeProjesi.app */ = {isa = PBXFileReference; explicitFileType = wrapper.application; includeInIndex = 0; path = BitirmeProjesi.app; sourceTree = BUILT_PRODUCTS_DIR; };
		DBD21F0328005AA00071A193 /* BitirmeProjesiApp.swift */ = {isa = PBXFileReference; lastKnownFileType = sourcecode.swift; path = BitirmeProjesiApp.swift; sourceTree = "<group>"; };
		DBD21F0528005AA00071A193 /* LoginVİew.swift */ = {isa = PBXFileReference; lastKnownFileType = sourcecode.swift; path = "LoginVİew.swift"; sourceTree = "<group>"; };
		DBD21F0728005AA30071A193 /* Assets.xcassets */ = {isa = PBXFileReference; lastKnownFileType = folder.assetcatalog; path = Assets.xcassets; sourceTree = "<group>"; };
		DBD21F0A28005AA30071A193 /* Preview Assets.xcassets */ = {isa = PBXFileReference; lastKnownFileType = folder.assetcatalog; path = "Preview Assets.xcassets"; sourceTree = "<group>"; };
		DBD21F1728005F9A0071A193 /* CustomNavView.swift */ = {isa = PBXFileReference; lastKnownFileType = sourcecode.swift; path = CustomNavView.swift; sourceTree = "<group>"; };
		DBD21F1928005FFE0071A193 /* CustomNavBarContainerView.swift */ = {isa = PBXFileReference; lastKnownFileType = sourcecode.swift; path = CustomNavBarContainerView.swift; sourceTree = "<group>"; };
		DBD21F1B280063740071A193 /* CustomNavLink.swift */ = {isa = PBXFileReference; lastKnownFileType = sourcecode.swift; path = CustomNavLink.swift; sourceTree = "<group>"; };
		DBD21F1E2800641A0071A193 /* CustomNavBarContent.swift */ = {isa = PBXFileReference; lastKnownFileType = sourcecode.swift; path = CustomNavBarContent.swift; sourceTree = "<group>"; };
		DBD21F202800650C0071A193 /* CustomNavBarPreference.swift */ = {isa = PBXFileReference; lastKnownFileType = sourcecode.swift; path = CustomNavBarPreference.swift; sourceTree = "<group>"; };
		DBD21F24280067510071A193 /* AppTabBarView.swift */ = {isa = PBXFileReference; lastKnownFileType = sourcecode.swift; path = AppTabBarView.swift; sourceTree = "<group>"; };
		DBD21F26280067810071A193 /* CustomTabBarContainerView.swift */ = {isa = PBXFileReference; lastKnownFileType = sourcecode.swift; path = CustomTabBarContainerView.swift; sourceTree = "<group>"; };
		DBD21F28280067A40071A193 /* CustomTabBarView.swift */ = {isa = PBXFileReference; lastKnownFileType = sourcecode.swift; path = CustomTabBarView.swift; sourceTree = "<group>"; };
		DBD21F2A280067C30071A193 /* TabBarItem.swift */ = {isa = PBXFileReference; lastKnownFileType = sourcecode.swift; path = TabBarItem.swift; sourceTree = "<group>"; };
		DBD21F2C280067EC0071A193 /* TabBarItemsPreferenceKey.swift */ = {isa = PBXFileReference; lastKnownFileType = sourcecode.swift; path = TabBarItemsPreferenceKey.swift; sourceTree = "<group>"; };
		DBD21F2F28006CAF0071A193 /* TTTextField.swift */ = {isa = PBXFileReference; lastKnownFileType = sourcecode.swift; path = TTTextField.swift; sourceTree = "<group>"; };
		DBD21F31280072AD0071A193 /* TTSecureField.swift */ = {isa = PBXFileReference; lastKnownFileType = sourcecode.swift; path = TTSecureField.swift; sourceTree = "<group>"; };
		DBD21F342800775D0071A193 /* TTTextFieldModifier.swift */ = {isa = PBXFileReference; lastKnownFileType = sourcecode.swift; path = TTTextFieldModifier.swift; sourceTree = "<group>"; };
		DBD21F36280077990071A193 /* TTButton.swift */ = {isa = PBXFileReference; lastKnownFileType = sourcecode.swift; path = TTButton.swift; sourceTree = "<group>"; };
		DBD21F382800803C0071A193 /* TTLabelledDivider.swift */ = {isa = PBXFileReference; lastKnownFileType = sourcecode.swift; path = TTLabelledDivider.swift; sourceTree = "<group>"; };
		DBD21F3A280080E70071A193 /* SignUpView.swift */ = {isa = PBXFileReference; lastKnownFileType = sourcecode.swift; path = SignUpView.swift; sourceTree = "<group>"; };
		DBD21F3C280081D90071A193 /* HomeView.swift */ = {isa = PBXFileReference; lastKnownFileType = sourcecode.swift; path = HomeView.swift; sourceTree = "<group>"; };
		E408863B2807750A00DEC93B /* UserInformationSectionView.swift */ = {isa = PBXFileReference; lastKnownFileType = sourcecode.swift; path = UserInformationSectionView.swift; sourceTree = "<group>"; };
		E414F13E2806AD0A00C72D0C /* ProgressBarIcon.swift */ = {isa = PBXFileReference; lastKnownFileType = sourcecode.swift; path = ProgressBarIcon.swift; sourceTree = "<group>"; };
		E414F1422806BAF400C72D0C /* PromotionSectionView.swift */ = {isa = PBXFileReference; lastKnownFileType = sourcecode.swift; path = PromotionSectionView.swift; sourceTree = "<group>"; };
		E4DBAAB9280171F9007F0CB4 /* ProfileView.swift */ = {isa = PBXFileReference; lastKnownFileType = sourcecode.swift; path = ProfileView.swift; sourceTree = "<group>"; };
		E4DBAABB280190A5007F0CB4 /* TTPromotionBar.swift */ = {isa = PBXFileReference; lastKnownFileType = sourcecode.swift; path = TTPromotionBar.swift; sourceTree = "<group>"; };
		E4F680422808173500268BC9 /* Info.plist */ = {isa = PBXFileReference; lastKnownFileType = text.plist; path = Info.plist; sourceTree = "<group>"; };
		E4F6804528083CA900268BC9 /* NavBarRightItem.swift */ = {isa = PBXFileReference; lastKnownFileType = sourcecode.swift; path = NavBarRightItem.swift; sourceTree = "<group>"; };
/* End PBXFileReference section */

/* Begin PBXFrameworksBuildPhase section */
		DBD21EFD28005AA00071A193 /* Frameworks */ = {
			isa = PBXFrameworksBuildPhase;
			buildActionMask = 2147483647;
			files = (
			);
			runOnlyForDeploymentPostprocessing = 0;
		};
/* End PBXFrameworksBuildPhase section */

/* Begin PBXGroup section */
		DB051A7828008843005A90A9 /* Core View */ = {
			isa = PBXGroup;
			children = (
			);
			path = "Core View";
			sourceTree = "<group>";
		};
		DBD21EF728005AA00071A193 = {
			isa = PBXGroup;
			children = (
				DBD21F0228005AA00071A193 /* BitirmeProjesi */,
				DBD21F0128005AA00071A193 /* Products */,
			);
			sourceTree = "<group>";
		};
		DBD21F0128005AA00071A193 /* Products */ = {
			isa = PBXGroup;
			children = (
				DBD21F0028005AA00071A193 /* BitirmeProjesi.app */,
			);
			name = Products;
			sourceTree = "<group>";
		};
		DBD21F0228005AA00071A193 /* BitirmeProjesi */ = {
			isa = PBXGroup;
			children = (
				E4F680422808173500268BC9 /* Info.plist */,
				DBD21F1528005AFB0071A193 /* Sources */,
				DBD21F1428005AEF0071A193 /* Services */,
				DBD21F1328005AE60071A193 /* Application */,
				DBD21F1228005ADD0071A193 /* Components */,
				DBD21F1128005AC50071A193 /* Utilities */,
				DBD21F0728005AA30071A193 /* Assets.xcassets */,
				DBD21F0928005AA30071A193 /* Preview Content */,
			);
			path = BitirmeProjesi;
			sourceTree = "<group>";
		};
		DBD21F0928005AA30071A193 /* Preview Content */ = {
			isa = PBXGroup;
			children = (
				DBD21F0A28005AA30071A193 /* Preview Assets.xcassets */,
			);
			path = "Preview Content";
			sourceTree = "<group>";
		};
		DBD21F1128005AC50071A193 /* Utilities */ = {
			isa = PBXGroup;
			children = (
			);
			path = Utilities;
			sourceTree = "<group>";
		};
		DBD21F1228005ADD0071A193 /* Components */ = {
			isa = PBXGroup;
			children = (
				DBD21F2E280068150071A193 /* SubComponents */,
				DBD21F1628005F7F0071A193 /* Core Component */,
			);
			path = Components;
			sourceTree = "<group>";
		};
		DBD21F1328005AE60071A193 /* Application */ = {
			isa = PBXGroup;
			children = (
				E414F1402806BA9000C72D0C /* ProfileScene */,
				DB051A7828008843005A90A9 /* Core View */,
				DBD21F0528005AA00071A193 /* LoginVİew.swift */,
				DBD21F3A280080E70071A193 /* SignUpView.swift */,
				DBD21F3C280081D90071A193 /* HomeView.swift */,
			);
			path = Application;
			sourceTree = "<group>";
		};
		DBD21F1428005AEF0071A193 /* Services */ = {
			isa = PBXGroup;
			children = (
			);
			path = Services;
			sourceTree = "<group>";
		};
		DBD21F1528005AFB0071A193 /* Sources */ = {
			isa = PBXGroup;
			children = (
				DBD21F0328005AA00071A193 /* BitirmeProjesiApp.swift */,
			);
			path = Sources;
			sourceTree = "<group>";
		};
		DBD21F1628005F7F0071A193 /* Core Component */ = {
			isa = PBXGroup;
			children = (
				DBD21F23280067140071A193 /* CustomTabBar */,
				DBD21F22280066EE0071A193 /* CustomNavBar */,
			);
			path = "Core Component";
			sourceTree = "<group>";
		};
		DBD21F22280066EE0071A193 /* CustomNavBar */ = {
			isa = PBXGroup;
			children = (
				DBD21F1728005F9A0071A193 /* CustomNavView.swift */,
				DBD21F1928005FFE0071A193 /* CustomNavBarContainerView.swift */,
				DBD21F1B280063740071A193 /* CustomNavLink.swift */,
				DBD21F1E2800641A0071A193 /* CustomNavBarContent.swift */,
				DBD21F202800650C0071A193 /* CustomNavBarPreference.swift */,
				E4F6804528083CA900268BC9 /* NavBarRightItem.swift */,
			);
			path = CustomNavBar;
			sourceTree = "<group>";
		};
		DBD21F23280067140071A193 /* CustomTabBar */ = {
			isa = PBXGroup;
			children = (
				DBD21F24280067510071A193 /* AppTabBarView.swift */,
				DBD21F26280067810071A193 /* CustomTabBarContainerView.swift */,
				DBD21F28280067A40071A193 /* CustomTabBarView.swift */,
				DBD21F2A280067C30071A193 /* TabBarItem.swift */,
				DBD21F2C280067EC0071A193 /* TabBarItemsPreferenceKey.swift */,
			);
			path = CustomTabBar;
			sourceTree = "<group>";
		};
		DBD21F2E280068150071A193 /* SubComponents */ = {
			isa = PBXGroup;
			children = (
				DBD21F33280072C60071A193 /* Modifier */,
				DBD21F2F28006CAF0071A193 /* TTTextField.swift */,
				DBD21F31280072AD0071A193 /* TTSecureField.swift */,
				DBD21F36280077990071A193 /* TTButton.swift */,
				DBD21F382800803C0071A193 /* TTLabelledDivider.swift */,
				E4DBAABB280190A5007F0CB4 /* TTPromotionBar.swift */,
				E414F13E2806AD0A00C72D0C /* ProgressBarIcon.swift */,
			);
			path = SubComponents;
			sourceTree = "<group>";
		};
		DBD21F33280072C60071A193 /* Modifier */ = {
			isa = PBXGroup;
			children = (
				DBD21F342800775D0071A193 /* TTTextFieldModifier.swift */,
			);
			path = Modifier;
			sourceTree = "<group>";
		};
		E414F1402806BA9000C72D0C /* ProfileScene */ = {
			isa = PBXGroup;
			children = (
				E4F680442808358E00268BC9 /* ViewModel */,
				E4F680432808357F00268BC9 /* Views */,
			);
			path = ProfileScene;
			sourceTree = "<group>";
		};
		E414F1412806BAB400C72D0C /* ProfilSections */ = {
			isa = PBXGroup;
			children = (
				E414F1422806BAF400C72D0C /* PromotionSectionView.swift */,
				E408863B2807750A00DEC93B /* UserInformationSectionView.swift */,
			);
			path = ProfilSections;
			sourceTree = "<group>";
		};
		E4F680432808357F00268BC9 /* Views */ = {
			isa = PBXGroup;
			children = (
				E414F1412806BAB400C72D0C /* ProfilSections */,
				E4DBAAB9280171F9007F0CB4 /* ProfileView.swift */,
			);
			path = Views;
			sourceTree = "<group>";
		};
		E4F680442808358E00268BC9 /* ViewModel */ = {
			isa = PBXGroup;
			children = (
			);
			path = ViewModel;
			sourceTree = "<group>";
		};
/* End PBXGroup section */

/* Begin PBXNativeTarget section */
		DBD21EFF28005AA00071A193 /* BitirmeProjesi */ = {
			isa = PBXNativeTarget;
			buildConfigurationList = DBD21F0E28005AA30071A193 /* Build configuration list for PBXNativeTarget "BitirmeProjesi" */;
			buildPhases = (
				DBD21EFC28005AA00071A193 /* Sources */,
				DBD21EFD28005AA00071A193 /* Frameworks */,
				DBD21EFE28005AA00071A193 /* Resources */,
			);
			buildRules = (
			);
			dependencies = (
			);
			name = BitirmeProjesi;
			productName = BitirmeProjesi;
			productReference = DBD21F0028005AA00071A193 /* BitirmeProjesi.app */;
			productType = "com.apple.product-type.application";
		};
/* End PBXNativeTarget section */

/* Begin PBXProject section */
		DBD21EF828005AA00071A193 /* Project object */ = {
			isa = PBXProject;
			attributes = {
				BuildIndependentTargetsInParallel = 1;
				LastSwiftUpdateCheck = 1310;
				LastUpgradeCheck = 1310;
				TargetAttributes = {
					DBD21EFF28005AA00071A193 = {
						CreatedOnToolsVersion = 13.1;
					};
				};
			};
			buildConfigurationList = DBD21EFB28005AA00071A193 /* Build configuration list for PBXProject "BitirmeProjesi" */;
			compatibilityVersion = "Xcode 13.0";
			developmentRegion = en;
			hasScannedForEncodings = 0;
			knownRegions = (
				en,
				Base,
			);
			mainGroup = DBD21EF728005AA00071A193;
			productRefGroup = DBD21F0128005AA00071A193 /* Products */;
			projectDirPath = "";
			projectRoot = "";
			targets = (
				DBD21EFF28005AA00071A193 /* BitirmeProjesi */,
			);
		};
/* End PBXProject section */

/* Begin PBXResourcesBuildPhase section */
		DBD21EFE28005AA00071A193 /* Resources */ = {
			isa = PBXResourcesBuildPhase;
			buildActionMask = 2147483647;
			files = (
				DBD21F0B28005AA30071A193 /* Preview Assets.xcassets in Resources */,
				DBD21F0828005AA30071A193 /* Assets.xcassets in Resources */,
			);
			runOnlyForDeploymentPostprocessing = 0;
		};
/* End PBXResourcesBuildPhase section */

/* Begin PBXSourcesBuildPhase section */
		DBD21EFC28005AA00071A193 /* Sources */ = {
			isa = PBXSourcesBuildPhase;
			buildActionMask = 2147483647;
			files = (
				DBD21F1828005F9A0071A193 /* CustomNavView.swift in Sources */,
				E414F1432806BAF400C72D0C /* PromotionSectionView.swift in Sources */,
				DBD21F29280067A40071A193 /* CustomTabBarView.swift in Sources */,
				DBD21F0628005AA00071A193 /* LoginVİew.swift in Sources */,
				DBD21F3028006CAF0071A193 /* TTTextField.swift in Sources */,
				DBD21F2D280067EC0071A193 /* TabBarItemsPreferenceKey.swift in Sources */,
				E4F6804628083CA900268BC9 /* NavBarRightItem.swift in Sources */,
				E414F13F2806AD0A00C72D0C /* ProgressBarIcon.swift in Sources */,
				DBD21F392800803C0071A193 /* TTLabelledDivider.swift in Sources */,
				E408863C2807750A00DEC93B /* UserInformationSectionView.swift in Sources */,
				DBD21F1F2800641A0071A193 /* CustomNavBarContent.swift in Sources */,
				DBD21F3B280080E70071A193 /* SignUpView.swift in Sources */,
				DBD21F352800775D0071A193 /* TTTextFieldModifier.swift in Sources */,
				DBD21F2B280067C30071A193 /* TabBarItem.swift in Sources */,
				DBD21F32280072AD0071A193 /* TTSecureField.swift in Sources */,
				DBD21F1A28005FFE0071A193 /* CustomNavBarContainerView.swift in Sources */,
				E4DBAABA280171F9007F0CB4 /* ProfileView.swift in Sources */,
				E4DBAABC280190A5007F0CB4 /* TTPromotionBar.swift in Sources */,
				DBD21F27280067810071A193 /* CustomTabBarContainerView.swift in Sources */,
				DBD21F0428005AA00071A193 /* BitirmeProjesiApp.swift in Sources */,
				DBD21F1C280063740071A193 /* CustomNavLink.swift in Sources */,
				DBD21F37280077990071A193 /* TTButton.swift in Sources */,
				DBD21F25280067510071A193 /* AppTabBarView.swift in Sources */,
				DBD21F212800650D0071A193 /* CustomNavBarPreference.swift in Sources */,
				DBD21F3D280081D90071A193 /* HomeView.swift in Sources */,
			);
			runOnlyForDeploymentPostprocessing = 0;
		};
/* End PBXSourcesBuildPhase section */

/* Begin XCBuildConfiguration section */
		DBD21F0C28005AA30071A193 /* Debug */ = {
			isa = XCBuildConfiguration;
			buildSettings = {
				ALWAYS_SEARCH_USER_PATHS = NO;
				CLANG_ANALYZER_NONNULL = YES;
				CLANG_ANALYZER_NUMBER_OBJECT_CONVERSION = YES_AGGRESSIVE;
				CLANG_CXX_LANGUAGE_STANDARD = "gnu++17";
				CLANG_CXX_LIBRARY = "libc++";
				CLANG_ENABLE_MODULES = YES;
				CLANG_ENABLE_OBJC_ARC = YES;
				CLANG_ENABLE_OBJC_WEAK = YES;
				CLANG_WARN_BLOCK_CAPTURE_AUTORELEASING = YES;
				CLANG_WARN_BOOL_CONVERSION = YES;
				CLANG_WARN_COMMA = YES;
				CLANG_WARN_CONSTANT_CONVERSION = YES;
				CLANG_WARN_DEPRECATED_OBJC_IMPLEMENTATIONS = YES;
				CLANG_WARN_DIRECT_OBJC_ISA_USAGE = YES_ERROR;
				CLANG_WARN_DOCUMENTATION_COMMENTS = YES;
				CLANG_WARN_EMPTY_BODY = YES;
				CLANG_WARN_ENUM_CONVERSION = YES;
				CLANG_WARN_INFINITE_RECURSION = YES;
				CLANG_WARN_INT_CONVERSION = YES;
				CLANG_WARN_NON_LITERAL_NULL_CONVERSION = YES;
				CLANG_WARN_OBJC_IMPLICIT_RETAIN_SELF = YES;
				CLANG_WARN_OBJC_LITERAL_CONVERSION = YES;
				CLANG_WARN_OBJC_ROOT_CLASS = YES_ERROR;
				CLANG_WARN_QUOTED_INCLUDE_IN_FRAMEWORK_HEADER = YES;
				CLANG_WARN_RANGE_LOOP_ANALYSIS = YES;
				CLANG_WARN_STRICT_PROTOTYPES = YES;
				CLANG_WARN_SUSPICIOUS_MOVE = YES;
				CLANG_WARN_UNGUARDED_AVAILABILITY = YES_AGGRESSIVE;
				CLANG_WARN_UNREACHABLE_CODE = YES;
				CLANG_WARN__DUPLICATE_METHOD_MATCH = YES;
				COPY_PHASE_STRIP = NO;
				DEBUG_INFORMATION_FORMAT = dwarf;
				ENABLE_STRICT_OBJC_MSGSEND = YES;
				ENABLE_TESTABILITY = YES;
				GCC_C_LANGUAGE_STANDARD = gnu11;
				GCC_DYNAMIC_NO_PIC = NO;
				GCC_NO_COMMON_BLOCKS = YES;
				GCC_OPTIMIZATION_LEVEL = 0;
				GCC_PREPROCESSOR_DEFINITIONS = (
					"DEBUG=1",
					"$(inherited)",
				);
				GCC_WARN_64_TO_32_BIT_CONVERSION = YES;
				GCC_WARN_ABOUT_RETURN_TYPE = YES_ERROR;
				GCC_WARN_UNDECLARED_SELECTOR = YES;
				GCC_WARN_UNINITIALIZED_AUTOS = YES_AGGRESSIVE;
				GCC_WARN_UNUSED_FUNCTION = YES;
				GCC_WARN_UNUSED_VARIABLE = YES;
				IPHONEOS_DEPLOYMENT_TARGET = 15.0;
				MTL_ENABLE_DEBUG_INFO = INCLUDE_SOURCE;
				MTL_FAST_MATH = YES;
				ONLY_ACTIVE_ARCH = YES;
				SDKROOT = iphoneos;
				SWIFT_ACTIVE_COMPILATION_CONDITIONS = DEBUG;
				SWIFT_OPTIMIZATION_LEVEL = "-Onone";
			};
			name = Debug;
		};
		DBD21F0D28005AA30071A193 /* Release */ = {
			isa = XCBuildConfiguration;
			buildSettings = {
				ALWAYS_SEARCH_USER_PATHS = NO;
				CLANG_ANALYZER_NONNULL = YES;
				CLANG_ANALYZER_NUMBER_OBJECT_CONVERSION = YES_AGGRESSIVE;
				CLANG_CXX_LANGUAGE_STANDARD = "gnu++17";
				CLANG_CXX_LIBRARY = "libc++";
				CLANG_ENABLE_MODULES = YES;
				CLANG_ENABLE_OBJC_ARC = YES;
				CLANG_ENABLE_OBJC_WEAK = YES;
				CLANG_WARN_BLOCK_CAPTURE_AUTORELEASING = YES;
				CLANG_WARN_BOOL_CONVERSION = YES;
				CLANG_WARN_COMMA = YES;
				CLANG_WARN_CONSTANT_CONVERSION = YES;
				CLANG_WARN_DEPRECATED_OBJC_IMPLEMENTATIONS = YES;
				CLANG_WARN_DIRECT_OBJC_ISA_USAGE = YES_ERROR;
				CLANG_WARN_DOCUMENTATION_COMMENTS = YES;
				CLANG_WARN_EMPTY_BODY = YES;
				CLANG_WARN_ENUM_CONVERSION = YES;
				CLANG_WARN_INFINITE_RECURSION = YES;
				CLANG_WARN_INT_CONVERSION = YES;
				CLANG_WARN_NON_LITERAL_NULL_CONVERSION = YES;
				CLANG_WARN_OBJC_IMPLICIT_RETAIN_SELF = YES;
				CLANG_WARN_OBJC_LITERAL_CONVERSION = YES;
				CLANG_WARN_OBJC_ROOT_CLASS = YES_ERROR;
				CLANG_WARN_QUOTED_INCLUDE_IN_FRAMEWORK_HEADER = YES;
				CLANG_WARN_RANGE_LOOP_ANALYSIS = YES;
				CLANG_WARN_STRICT_PROTOTYPES = YES;
				CLANG_WARN_SUSPICIOUS_MOVE = YES;
				CLANG_WARN_UNGUARDED_AVAILABILITY = YES_AGGRESSIVE;
				CLANG_WARN_UNREACHABLE_CODE = YES;
				CLANG_WARN__DUPLICATE_METHOD_MATCH = YES;
				COPY_PHASE_STRIP = NO;
				DEBUG_INFORMATION_FORMAT = "dwarf-with-dsym";
				ENABLE_NS_ASSERTIONS = NO;
				ENABLE_STRICT_OBJC_MSGSEND = YES;
				GCC_C_LANGUAGE_STANDARD = gnu11;
				GCC_NO_COMMON_BLOCKS = YES;
				GCC_WARN_64_TO_32_BIT_CONVERSION = YES;
				GCC_WARN_ABOUT_RETURN_TYPE = YES_ERROR;
				GCC_WARN_UNDECLARED_SELECTOR = YES;
				GCC_WARN_UNINITIALIZED_AUTOS = YES_AGGRESSIVE;
				GCC_WARN_UNUSED_FUNCTION = YES;
				GCC_WARN_UNUSED_VARIABLE = YES;
				IPHONEOS_DEPLOYMENT_TARGET = 15.0;
				MTL_ENABLE_DEBUG_INFO = NO;
				MTL_FAST_MATH = YES;
				SDKROOT = iphoneos;
				SWIFT_COMPILATION_MODE = wholemodule;
				SWIFT_OPTIMIZATION_LEVEL = "-O";
				VALIDATE_PRODUCT = YES;
			};
			name = Release;
		};
		DBD21F0F28005AA30071A193 /* Debug */ = {
			isa = XCBuildConfiguration;
			buildSettings = {
				ASSETCATALOG_COMPILER_APPICON_NAME = AppIcon;
				ASSETCATALOG_COMPILER_GLOBAL_ACCENT_COLOR_NAME = AccentColor;
				CODE_SIGN_STYLE = Automatic;
				CURRENT_PROJECT_VERSION = 1;
				DEVELOPMENT_ASSET_PATHS = "\"BitirmeProjesi/Preview Content\"";
				DEVELOPMENT_TEAM = J2USCCWW7B;
				ENABLE_PREVIEWS = YES;
				GENERATE_INFOPLIST_FILE = YES;
				INFOPLIST_FILE = BitirmeProjesi/Info.plist;
				INFOPLIST_KEY_NSFaceIDUsageDescription = "\"Touch Id İzin\"";
				INFOPLIST_KEY_UIApplicationSceneManifest_Generation = YES;
				INFOPLIST_KEY_UIApplicationSupportsIndirectInputEvents = YES;
				INFOPLIST_KEY_UILaunchScreen_Generation = YES;
				INFOPLIST_KEY_UISupportedInterfaceOrientations_iPad = "UIInterfaceOrientationPortrait UIInterfaceOrientationPortraitUpsideDown UIInterfaceOrientationLandscapeLeft UIInterfaceOrientationLandscapeRight";
				INFOPLIST_KEY_UISupportedInterfaceOrientations_iPhone = "UIInterfaceOrientationPortrait UIInterfaceOrientationLandscapeLeft UIInterfaceOrientationLandscapeRight";
				LD_RUNPATH_SEARCH_PATHS = (
					"$(inherited)",
					"@executable_path/Frameworks",
				);
				MARKETING_VERSION = 1.0;
				PRODUCT_BUNDLE_IDENTIFIER = tugrulcan.BitirmeProjesi;
				PRODUCT_NAME = "$(TARGET_NAME)";
				SWIFT_EMIT_LOC_STRINGS = YES;
				SWIFT_VERSION = 5.0;
				TARGETED_DEVICE_FAMILY = "1,2";
			};
			name = Debug;
		};
		DBD21F1028005AA30071A193 /* Release */ = {
			isa = XCBuildConfiguration;
			buildSettings = {
				ASSETCATALOG_COMPILER_APPICON_NAME = AppIcon;
				ASSETCATALOG_COMPILER_GLOBAL_ACCENT_COLOR_NAME = AccentColor;
				CODE_SIGN_STYLE = Automatic;
				CURRENT_PROJECT_VERSION = 1;
				DEVELOPMENT_ASSET_PATHS = "\"BitirmeProjesi/Preview Content\"";
				DEVELOPMENT_TEAM = J2USCCWW7B;
				ENABLE_PREVIEWS = YES;
				GENERATE_INFOPLIST_FILE = YES;
				INFOPLIST_FILE = BitirmeProjesi/Info.plist;
				INFOPLIST_KEY_NSFaceIDUsageDescription = "\"Touch Id İzin\"";
				INFOPLIST_KEY_UIApplicationSceneManifest_Generation = YES;
				INFOPLIST_KEY_UIApplicationSupportsIndirectInputEvents = YES;
				INFOPLIST_KEY_UILaunchScreen_Generation = YES;
				INFOPLIST_KEY_UISupportedInterfaceOrientations_iPad = "UIInterfaceOrientationPortrait UIInterfaceOrientationPortraitUpsideDown UIInterfaceOrientationLandscapeLeft UIInterfaceOrientationLandscapeRight";
				INFOPLIST_KEY_UISupportedInterfaceOrientations_iPhone = "UIInterfaceOrientationPortrait UIInterfaceOrientationLandscapeLeft UIInterfaceOrientationLandscapeRight";
				LD_RUNPATH_SEARCH_PATHS = (
					"$(inherited)",
					"@executable_path/Frameworks",
				);
				MARKETING_VERSION = 1.0;
				PRODUCT_BUNDLE_IDENTIFIER = tugrulcan.BitirmeProjesi;
				PRODUCT_NAME = "$(TARGET_NAME)";
				SWIFT_EMIT_LOC_STRINGS = YES;
				SWIFT_VERSION = 5.0;
				TARGETED_DEVICE_FAMILY = "1,2";
			};
			name = Release;
		};
/* End XCBuildConfiguration section */

/* Begin XCConfigurationList section */
		DBD21EFB28005AA00071A193 /* Build configuration list for PBXProject "BitirmeProjesi" */ = {
			isa = XCConfigurationList;
			buildConfigurations = (
				DBD21F0C28005AA30071A193 /* Debug */,
				DBD21F0D28005AA30071A193 /* Release */,
			);
			defaultConfigurationIsVisible = 0;
			defaultConfigurationName = Release;
		};
		DBD21F0E28005AA30071A193 /* Build configuration list for PBXNativeTarget "BitirmeProjesi" */ = {
			isa = XCConfigurationList;
			buildConfigurations = (
				DBD21F0F28005AA30071A193 /* Debug */,
				DBD21F1028005AA30071A193 /* Release */,
			);
			defaultConfigurationIsVisible = 0;
			defaultConfigurationName = Release;
		};
/* End XCConfigurationList section */
	};
	rootObject = DBD21EF828005AA00071A193 /* Project object */;
}
